
Microsoft Visual Studio Solution File, Format Version 12.00
# Visual Studio Version 17
VisualStudioVersion = 17.0.31919.166
MinimumVisualStudioVersion = 10.0.40219.1
Project("{9A19103F-16F7-4668-BE54-9A1E7A4F7556}") = "SmartTagGpsNotifier", "SmartTagGpsNotifier.csproj", "{1D9922C6-4560-4980-893F-5308B86C5447}"
EndProject
Global
	GlobalSection(SolutionConfigurationPlatforms) = preSolution
		Debug|Any CPU = Debug|Any CPU
		Release|Any CPU = Release|Any CPU
	EndGlobalSection
	GlobalSection(ProjectConfigurationPlatforms) = postSolution
		{1D9922C6-4560-4980-893F-5308B86C5447}.Debug|Any CPU.ActiveCfg = Debug|Any CPU
		{1D9922C6-4560-4980-893F-5308B86C5447}.Debug|Any CPU.Build.0 = Debug|Any CPU
		{1D9922C6-4560-4980-893F-5308B86C5447}.Release|Any CPU.ActiveCfg = Release|Any CPU
		{1D9922C6-4560-4980-893F-5308B86C5447}.Release|Any CPU.Build.0 = Release|Any CPU
	EndGlobalSection
	GlobalSection(SolutionProperties) = preSolution
		HideSolutionNode = FALSE
	EndGlobalSection
	GlobalSection(ExtensibilityGlobals) = postSolution
		SolutionGuid = {7329F663-7AD6-428E-8658-2BC557ED1B9D}
	EndGlobalSection
EndGlobal
